{
  "object": {
    "pins": [
      {
        "package": "Nimble",
        "repositoryURL": "https://github.com/Quick/Nimble.git",
        "state": {
          "branch": null,
          "revision": "7fd118ec8795888bcbbebc1a41f6984454c4cd6f",
          "version": "8.0.7"
        }
      },
      {
        "package": "PactMockServer",
        "repositoryURL": "https://github.com/surpher/PactMockServer.git",
        "state": {
          "branch": null,
          "revision": "aa3a2a6f6cbb2eb463e8f3ff63defc283473c3a4",
          "version": "0.0.1-beta"
        }
      },
      {
        "package": "PactSwift",
        "repositoryURL": "https://github.com/surpher/PactSwift.git",
        "state": {
          "branch": "master",
          "revision": "46e488a6a71dd446f5560dd65f384f17b2c3bb34",
          "version": null
        }
      }
    ]
  },
  "version": 1
}
