// !$*UTF8*$!
{
	archiveVersion = 1;
	classes = {
	};
	objectVersion = 52;
	objects = {

/* Begin PBXBuildFile section */
		AD9463FC264A240600695774 /* AppDelegate.m in Sources */ = {isa = PBXBuildFile; fileRef = AD9463FB264A240600695774 /* AppDelegate.m */; };
		AD9463FF264A240600695774 /* SceneDelegate.m in Sources */ = {isa = PBXBuildFile; fileRef = AD9463FE264A240600695774 /* SceneDelegate.m */; };
		AD946402264A240600695774 /* ViewController.m in Sources */ = {isa = PBXBuildFile; fileRef = AD946401264A240600695774 /* ViewController.m */; };
		AD946405264A240600695774 /* Main.storyboard in Resources */ = {isa = PBXBuildFile; fileRef = AD946403264A240600695774 /* Main.storyboard */; };
		AD946407264A240700695774 /* Assets.xcassets in Resources */ = {isa = PBXBuildFile; fileRef = AD946406264A240700695774 /* Assets.xcassets */; };
		AD94640A264A240700695774 /* LaunchScreen.storyboard in Resources */ = {isa = PBXBuildFile; fileRef = AD946408264A240700695774 /* LaunchScreen.storyboard */; };
		AD94640D264A240700695774 /* main.m in Sources */ = {isa = PBXBuildFile; fileRef = AD94640C264A240700695774 /* main.m */; };
		AD946417264A240700695774 /* Pact_iOS_ObjC_ExampleTests.m in Sources */ = {isa = PBXBuildFile; fileRef = AD946416264A240700695774 /* Pact_iOS_ObjC_ExampleTests.m */; };
		AD946422264A240700695774 /* Pact_iOS_ObjC_ExampleUITests.m in Sources */ = {isa = PBXBuildFile; fileRef = AD946421264A240700695774 /* Pact_iOS_ObjC_ExampleUITests.m */; };
		AD946432264A243900695774 /* HTTPClient.m in Sources */ = {isa = PBXBuildFile; fileRef = AD946431264A243900695774 /* HTTPClient.m */; };
		ADF17CDC26B53F96008E7ECD /* PactSwift in Frameworks */ = {isa = PBXBuildFile; productRef = ADF17CDB26B53F96008E7ECD /* PactSwift */; };
/* End PBXBuildFile section */

/* Begin PBXContainerItemProxy section */
		AD946413264A240700695774 /* PBXContainerItemProxy */ = {
			isa = PBXContainerItemProxy;
			containerPortal = AD9463EF264A240600695774 /* Project object */;
			proxyType = 1;
			remoteGlobalIDString = AD9463F6264A240600695774;
			remoteInfo = "Pact-iOS-ObjC-Example";
		};
		AD94641E264A240700695774 /* PBXContainerItemProxy */ = {
			isa = PBXContainerItemProxy;
			containerPortal = AD9463EF264A240600695774 /* Project object */;
			proxyType = 1;
			remoteGlobalIDString = AD9463F6264A240600695774;
			remoteInfo = "Pact-iOS-ObjC-Example";
		};
/* End PBXContainerItemProxy section */

/* Begin PBXFileReference section */
		AD9463F7264A240600695774 /* Pact-iOS-ObjC-Example.app */ = {isa = PBXFileReference; explicitFileType = wrapper.application; includeInIndex = 0; path = "Pact-iOS-ObjC-Example.app"; sourceTree = BUILT_PRODUCTS_DIR; };
		AD9463FA264A240600695774 /* AppDelegate.h */ = {isa = PBXFileReference; lastKnownFileType = sourcecode.c.h; path = AppDelegate.h; sourceTree = "<group>"; };
		AD9463FB264A240600695774 /* AppDelegate.m */ = {isa = PBXFileReference; lastKnownFileType = sourcecode.c.objc; path = AppDelegate.m; sourceTree = "<group>"; };
		AD9463FD264A240600695774 /* SceneDelegate.h */ = {isa = PBXFileReference; lastKnownFileType = sourcecode.c.h; path = SceneDelegate.h; sourceTree = "<group>"; };
		AD9463FE264A240600695774 /* SceneDelegate.m */ = {isa = PBXFileReference; lastKnownFileType = sourcecode.c.objc; path = SceneDelegate.m; sourceTree = "<group>"; };
		AD946400264A240600695774 /* ViewController.h */ = {isa = PBXFileReference; lastKnownFileType = sourcecode.c.h; path = ViewController.h; sourceTree = "<group>"; };
		AD946401264A240600695774 /* ViewController.m */ = {isa = PBXFileReference; lastKnownFileType = sourcecode.c.objc; path = ViewController.m; sourceTree = "<group>"; };
		AD946404264A240600695774 /* Base */ = {isa = PBXFileReference; lastKnownFileType = file.storyboard; name = Base; path = Base.lproj/Main.storyboard; sourceTree = "<group>"; };
		AD946406264A240700695774 /* Assets.xcassets */ = {isa = PBXFileReference; lastKnownFileType = folder.assetcatalog; path = Assets.xcassets; sourceTree = "<group>"; };
		AD946409264A240700695774 /* Base */ = {isa = PBXFileReference; lastKnownFileType = file.storyboard; name = Base; path = Base.lproj/LaunchScreen.storyboard; sourceTree = "<group>"; };
		AD94640B264A240700695774 /* Info.plist */ = {isa = PBXFileReference; lastKnownFileType = text.plist.xml; path = Info.plist; sourceTree = "<group>"; };
		AD94640C264A240700695774 /* main.m */ = {isa = PBXFileReference; lastKnownFileType = sourcecode.c.objc; path = main.m; sourceTree = "<group>"; };
		AD946412264A240700695774 /* Pact-iOS-ObjC-ExampleTests.xctest */ = {isa = PBXFileReference; explicitFileType = wrapper.cfbundle; includeInIndex = 0; path = "Pact-iOS-ObjC-ExampleTests.xctest"; sourceTree = BUILT_PRODUCTS_DIR; };
		AD946416264A240700695774 /* Pact_iOS_ObjC_ExampleTests.m */ = {isa = PBXFileReference; lastKnownFileType = sourcecode.c.objc; path = Pact_iOS_ObjC_ExampleTests.m; sourceTree = "<group>"; };
		AD946418264A240700695774 /* Info.plist */ = {isa = PBXFileReference; lastKnownFileType = text.plist.xml; path = Info.plist; sourceTree = "<group>"; };
		AD94641D264A240700695774 /* Pact-iOS-ObjC-ExampleUITests.xctest */ = {isa = PBXFileReference; explicitFileType = wrapper.cfbundle; includeInIndex = 0; path = "Pact-iOS-ObjC-ExampleUITests.xctest"; sourceTree = BUILT_PRODUCTS_DIR; };
		AD946421264A240700695774 /* Pact_iOS_ObjC_ExampleUITests.m */ = {isa = PBXFileReference; lastKnownFileType = sourcecode.c.objc; path = Pact_iOS_ObjC_ExampleUITests.m; sourceTree = "<group>"; };
		AD946423264A240700695774 /* Info.plist */ = {isa = PBXFileReference; lastKnownFileType = text.plist.xml; path = Info.plist; sourceTree = "<group>"; };
		AD946430264A242E00695774 /* HTTPClient.h */ = {isa = PBXFileReference; lastKnownFileType = sourcecode.c.h; path = HTTPClient.h; sourceTree = "<group>"; };
		AD946431264A243900695774 /* HTTPClient.m */ = {isa = PBXFileReference; lastKnownFileType = sourcecode.c.objc; path = HTTPClient.m; sourceTree = "<group>"; };
/* End PBXFileReference section */

/* Begin PBXFrameworksBuildPhase section */
		AD9463F4264A240600695774 /* Frameworks */ = {
			isa = PBXFrameworksBuildPhase;
			buildActionMask = 2147483647;
			files = (
			);
			runOnlyForDeploymentPostprocessing = 0;
		};
		AD94640F264A240700695774 /* Frameworks */ = {
			isa = PBXFrameworksBuildPhase;
			buildActionMask = 2147483647;
			files = (
				ADF17CDC26B53F96008E7ECD /* PactSwift in Frameworks */,
			);
			runOnlyForDeploymentPostprocessing = 0;
		};
		AD94641A264A240700695774 /* Frameworks */ = {
			isa = PBXFrameworksBuildPhase;
			buildActionMask = 2147483647;
			files = (
			);
			runOnlyForDeploymentPostprocessing = 0;
		};
/* End PBXFrameworksBuildPhase section */

/* Begin PBXGroup section */
		AD9463EE264A240600695774 = {
			isa = PBXGroup;
			children = (
				AD9463F9264A240600695774 /* Pact-iOS-ObjC-Example */,
				AD946415264A240700695774 /* Pact-iOS-ObjC-ExampleTests */,
				AD946420264A240700695774 /* Pact-iOS-ObjC-ExampleUITests */,
				AD9463F8264A240600695774 /* Products */,
			);
			sourceTree = "<group>";
		};
		AD9463F8264A240600695774 /* Products */ = {
			isa = PBXGroup;
			children = (
				AD9463F7264A240600695774 /* Pact-iOS-ObjC-Example.app */,
				AD946412264A240700695774 /* Pact-iOS-ObjC-ExampleTests.xctest */,
				AD94641D264A240700695774 /* Pact-iOS-ObjC-ExampleUITests.xctest */,
			);
			name = Products;
			sourceTree = "<group>";
		};
		AD9463F9264A240600695774 /* Pact-iOS-ObjC-Example */ = {
			isa = PBXGroup;
			children = (
				AD94642F264A241A00695774 /* Networking */,
				AD9463FA264A240600695774 /* AppDelegate.h */,
				AD9463FB264A240600695774 /* AppDelegate.m */,
				AD9463FD264A240600695774 /* SceneDelegate.h */,
				AD9463FE264A240600695774 /* SceneDelegate.m */,
				AD946400264A240600695774 /* ViewController.h */,
				AD946401264A240600695774 /* ViewController.m */,
				AD946403264A240600695774 /* Main.storyboard */,
				AD946406264A240700695774 /* Assets.xcassets */,
				AD946408264A240700695774 /* LaunchScreen.storyboard */,
				AD94640B264A240700695774 /* Info.plist */,
				AD94640C264A240700695774 /* main.m */,
			);
			path = "Pact-iOS-ObjC-Example";
			sourceTree = "<group>";
		};
		AD946415264A240700695774 /* Pact-iOS-ObjC-ExampleTests */ = {
			isa = PBXGroup;
			children = (
				AD946416264A240700695774 /* Pact_iOS_ObjC_ExampleTests.m */,
				AD946418264A240700695774 /* Info.plist */,
			);
			path = "Pact-iOS-ObjC-ExampleTests";
			sourceTree = "<group>";
		};
		AD946420264A240700695774 /* Pact-iOS-ObjC-ExampleUITests */ = {
			isa = PBXGroup;
			children = (
				AD946421264A240700695774 /* Pact_iOS_ObjC_ExampleUITests.m */,
				AD946423264A240700695774 /* Info.plist */,
			);
			path = "Pact-iOS-ObjC-ExampleUITests";
			sourceTree = "<group>";
		};
		AD94642F264A241A00695774 /* Networking */ = {
			isa = PBXGroup;
			children = (
				AD946430264A242E00695774 /* HTTPClient.h */,
				AD946431264A243900695774 /* HTTPClient.m */,
			);
			path = Networking;
			sourceTree = "<group>";
		};
/* End PBXGroup section */

/* Begin PBXNativeTarget section */
		AD9463F6264A240600695774 /* Pact-iOS-ObjC-Example */ = {
			isa = PBXNativeTarget;
			buildConfigurationList = AD946426264A240700695774 /* Build configuration list for PBXNativeTarget "Pact-iOS-ObjC-Example" */;
			buildPhases = (
				AD9463F3264A240600695774 /* Sources */,
				AD9463F4264A240600695774 /* Frameworks */,
				AD9463F5264A240600695774 /* Resources */,
			);
			buildRules = (
			);
			dependencies = (
			);
			name = "Pact-iOS-ObjC-Example";
			productName = "Pact-iOS-ObjC-Example";
			productReference = AD9463F7264A240600695774 /* Pact-iOS-ObjC-Example.app */;
			productType = "com.apple.product-type.application";
		};
		AD946411264A240700695774 /* Pact-iOS-ObjC-ExampleTests */ = {
			isa = PBXNativeTarget;
			buildConfigurationList = AD946429264A240700695774 /* Build configuration list for PBXNativeTarget "Pact-iOS-ObjC-ExampleTests" */;
			buildPhases = (
				AD94640E264A240700695774 /* Sources */,
				AD94640F264A240700695774 /* Frameworks */,
				AD946410264A240700695774 /* Resources */,
			);
			buildRules = (
			);
			dependencies = (
				AD946414264A240700695774 /* PBXTargetDependency */,
			);
			name = "Pact-iOS-ObjC-ExampleTests";
			packageProductDependencies = (
				ADF17CDB26B53F96008E7ECD /* PactSwift */,
			);
			productName = "Pact-iOS-ObjC-ExampleTests";
			productReference = AD946412264A240700695774 /* Pact-iOS-ObjC-ExampleTests.xctest */;
			productType = "com.apple.product-type.bundle.unit-test";
		};
		AD94641C264A240700695774 /* Pact-iOS-ObjC-ExampleUITests */ = {
			isa = PBXNativeTarget;
			buildConfigurationList = AD94642C264A240700695774 /* Build configuration list for PBXNativeTarget "Pact-iOS-ObjC-ExampleUITests" */;
			buildPhases = (
				AD946419264A240700695774 /* Sources */,
				AD94641A264A240700695774 /* Frameworks */,
				AD94641B264A240700695774 /* Resources */,
			);
			buildRules = (
			);
			dependencies = (
				AD94641F264A240700695774 /* PBXTargetDependency */,
			);
			name = "Pact-iOS-ObjC-ExampleUITests";
			productName = "Pact-iOS-ObjC-ExampleUITests";
			productReference = AD94641D264A240700695774 /* Pact-iOS-ObjC-ExampleUITests.xctest */;
			productType = "com.apple.product-type.bundle.ui-testing";
		};
/* End PBXNativeTarget section */

/* Begin PBXProject section */
		AD9463EF264A240600695774 /* Project object */ = {
			isa = PBXProject;
			attributes = {
				LastUpgradeCheck = 1250;
				TargetAttributes = {
					AD9463F6264A240600695774 = {
						CreatedOnToolsVersion = 12.5;
					};
					AD946411264A240700695774 = {
						CreatedOnToolsVersion = 12.5;
						TestTargetID = AD9463F6264A240600695774;
					};
					AD94641C264A240700695774 = {
						CreatedOnToolsVersion = 12.5;
						TestTargetID = AD9463F6264A240600695774;
					};
				};
			};
			buildConfigurationList = AD9463F2264A240600695774 /* Build configuration list for PBXProject "Pact-iOS-ObjC-Example" */;
			compatibilityVersion = "Xcode 9.3";
			developmentRegion = en;
			hasScannedForEncodings = 0;
			knownRegions = (
				en,
				Base,
			);
			mainGroup = AD9463EE264A240600695774;
			packageReferences = (
				ADF17CDA26B53F96008E7ECD /* XCRemoteSwiftPackageReference "PactSwift" */,
			);
			productRefGroup = AD9463F8264A240600695774 /* Products */;
			projectDirPath = "";
			projectRoot = "";
			targets = (
				AD9463F6264A240600695774 /* Pact-iOS-ObjC-Example */,
				AD946411264A240700695774 /* Pact-iOS-ObjC-ExampleTests */,
				AD94641C264A240700695774 /* Pact-iOS-ObjC-ExampleUITests */,
			);
		};
/* End PBXProject section */

/* Begin PBXResourcesBuildPhase section */
		AD9463F5264A240600695774 /* Resources */ = {
			isa = PBXResourcesBuildPhase;
			buildActionMask = 2147483647;
			files = (
				AD94640A264A240700695774 /* LaunchScreen.storyboard in Resources */,
				AD946407264A240700695774 /* Assets.xcassets in Resources */,
				AD946405264A240600695774 /* Main.storyboard in Resources */,
			);
			runOnlyForDeploymentPostprocessing = 0;
		};
		AD946410264A240700695774 /* Resources */ = {
			isa = PBXResourcesBuildPhase;
			buildActionMask = 2147483647;
			files = (
			);
			runOnlyForDeploymentPostprocessing = 0;
		};
		AD94641B264A240700695774 /* Resources */ = {
			isa = PBXResourcesBuildPhase;
			buildActionMask = 2147483647;
			files = (
			);
			runOnlyForDeploymentPostprocessing = 0;
		};
/* End PBXResourcesBuildPhase section */

/* Begin PBXSourcesBuildPhase section */
		AD9463F3264A240600695774 /* Sources */ = {
			isa = PBXSourcesBuildPhase;
			buildActionMask = 2147483647;
			files = (
				AD946402264A240600695774 /* ViewController.m in Sources */,
				AD9463FC264A240600695774 /* AppDelegate.m in Sources */,
				AD94640D264A240700695774 /* main.m in Sources */,
				AD946432264A243900695774 /* HTTPClient.m in Sources */,
				AD9463FF264A240600695774 /* SceneDelegate.m in Sources */,
			);
			runOnlyForDeploymentPostprocessing = 0;
		};
		AD94640E264A240700695774 /* Sources */ = {
			isa = PBXSourcesBuildPhase;
			buildActionMask = 2147483647;
			files = (
				AD946417264A240700695774 /* Pact_iOS_ObjC_ExampleTests.m in Sources */,
			);
			runOnlyForDeploymentPostprocessing = 0;
		};
		AD946419264A240700695774 /* Sources */ = {
			isa = PBXSourcesBuildPhase;
			buildActionMask = 2147483647;
			files = (
				AD946422264A240700695774 /* Pact_iOS_ObjC_ExampleUITests.m in Sources */,
			);
			runOnlyForDeploymentPostprocessing = 0;
		};
/* End PBXSourcesBuildPhase section */

/* Begin PBXTargetDependency section */
		AD946414264A240700695774 /* PBXTargetDependency */ = {
			isa = PBXTargetDependency;
			target = AD9463F6264A240600695774 /* Pact-iOS-ObjC-Example */;
			targetProxy = AD946413264A240700695774 /* PBXContainerItemProxy */;
		};
		AD94641F264A240700695774 /* PBXTargetDependency */ = {
			isa = PBXTargetDependency;
			target = AD9463F6264A240600695774 /* Pact-iOS-ObjC-Example */;
			targetProxy = AD94641E264A240700695774 /* PBXContainerItemProxy */;
		};
/* End PBXTargetDependency section */

/* Begin PBXVariantGroup section */
		AD946403264A240600695774 /* Main.storyboard */ = {
			isa = PBXVariantGroup;
			children = (
				AD946404264A240600695774 /* Base */,
			);
			name = Main.storyboard;
			sourceTree = "<group>";
		};
		AD946408264A240700695774 /* LaunchScreen.storyboard */ = {
			isa = PBXVariantGroup;
			children = (
				AD946409264A240700695774 /* Base */,
			);
			name = LaunchScreen.storyboard;
			sourceTree = "<group>";
		};
/* End PBXVariantGroup section */

/* Begin XCBuildConfiguration section */
		AD946424264A240700695774 /* Debug */ = {
			isa = XCBuildConfiguration;
			buildSettings = {
				ALWAYS_SEARCH_USER_PATHS = NO;
				CLANG_ANALYZER_NONNULL = YES;
				CLANG_ANALYZER_NUMBER_OBJECT_CONVERSION = YES_AGGRESSIVE;
				CLANG_CXX_LANGUAGE_STANDARD = "gnu++14";
				CLANG_CXX_LIBRARY = "libc++";
				CLANG_ENABLE_MODULES = YES;
				CLANG_ENABLE_OBJC_ARC = YES;
				CLANG_ENABLE_OBJC_WEAK = YES;
				CLANG_WARN_BLOCK_CAPTURE_AUTORELEASING = YES;
				CLANG_WARN_BOOL_CONVERSION = YES;
				CLANG_WARN_COMMA = YES;
				CLANG_WARN_CONSTANT_CONVERSION = YES;
				CLANG_WARN_DEPRECATED_OBJC_IMPLEMENTATIONS = YES;
				CLANG_WARN_DIRECT_OBJC_ISA_USAGE = YES_ERROR;
				CLANG_WARN_DOCUMENTATION_COMMENTS = YES;
				CLANG_WARN_EMPTY_BODY = YES;
				CLANG_WARN_ENUM_CONVERSION = YES;
				CLANG_WARN_INFINITE_RECURSION = YES;
				CLANG_WARN_INT_CONVERSION = YES;
				CLANG_WARN_NON_LITERAL_NULL_CONVERSION = YES;
				CLANG_WARN_OBJC_IMPLICIT_RETAIN_SELF = YES;
				CLANG_WARN_OBJC_LITERAL_CONVERSION = YES;
				CLANG_WARN_OBJC_ROOT_CLASS = YES_ERROR;
				CLANG_WARN_QUOTED_INCLUDE_IN_FRAMEWORK_HEADER = YES;
				CLANG_WARN_RANGE_LOOP_ANALYSIS = YES;
				CLANG_WARN_STRICT_PROTOTYPES = YES;
				CLANG_WARN_SUSPICIOUS_MOVE = YES;
				CLANG_WARN_UNGUARDED_AVAILABILITY = YES_AGGRESSIVE;
				CLANG_WARN_UNREACHABLE_CODE = YES;
				CLANG_WARN__DUPLICATE_METHOD_MATCH = YES;
				COPY_PHASE_STRIP = NO;
				DEBUG_INFORMATION_FORMAT = dwarf;
				ENABLE_STRICT_OBJC_MSGSEND = YES;
				ENABLE_TESTABILITY = YES;
				GCC_C_LANGUAGE_STANDARD = gnu11;
				GCC_DYNAMIC_NO_PIC = NO;
				GCC_NO_COMMON_BLOCKS = YES;
				GCC_OPTIMIZATION_LEVEL = 0;
				GCC_PREPROCESSOR_DEFINITIONS = (
					"DEBUG=1",
					"$(inherited)",
				);
				GCC_WARN_64_TO_32_BIT_CONVERSION = YES;
				GCC_WARN_ABOUT_RETURN_TYPE = YES_ERROR;
				GCC_WARN_UNDECLARED_SELECTOR = YES;
				GCC_WARN_UNINITIALIZED_AUTOS = YES_AGGRESSIVE;
				GCC_WARN_UNUSED_FUNCTION = YES;
				GCC_WARN_UNUSED_VARIABLE = YES;
				IPHONEOS_DEPLOYMENT_TARGET = 14.5;
				MTL_ENABLE_DEBUG_INFO = INCLUDE_SOURCE;
				MTL_FAST_MATH = YES;
				ONLY_ACTIVE_ARCH = YES;
				SDKROOT = iphoneos;
			};
			name = Debug;
		};
		AD946425264A240700695774 /* Release */ = {
			isa = XCBuildConfiguration;
			buildSettings = {
				ALWAYS_SEARCH_USER_PATHS = NO;
				CLANG_ANALYZER_NONNULL = YES;
				CLANG_ANALYZER_NUMBER_OBJECT_CONVERSION = YES_AGGRESSIVE;
				CLANG_CXX_LANGUAGE_STANDARD = "gnu++14";
				CLANG_CXX_LIBRARY = "libc++";
				CLANG_ENABLE_MODULES = YES;
				CLANG_ENABLE_OBJC_ARC = YES;
				CLANG_ENABLE_OBJC_WEAK = YES;
				CLANG_WARN_BLOCK_CAPTURE_AUTORELEASING = YES;
				CLANG_WARN_BOOL_CONVERSION = YES;
				CLANG_WARN_COMMA = YES;
				CLANG_WARN_CONSTANT_CONVERSION = YES;
				CLANG_WARN_DEPRECATED_OBJC_IMPLEMENTATIONS = YES;
				CLANG_WARN_DIRECT_OBJC_ISA_USAGE = YES_ERROR;
				CLANG_WARN_DOCUMENTATION_COMMENTS = YES;
				CLANG_WARN_EMPTY_BODY = YES;
				CLANG_WARN_ENUM_CONVERSION = YES;
				CLANG_WARN_INFINITE_RECURSION = YES;
				CLANG_WARN_INT_CONVERSION = YES;
				CLANG_WARN_NON_LITERAL_NULL_CONVERSION = YES;
				CLANG_WARN_OBJC_IMPLICIT_RETAIN_SELF = YES;
				CLANG_WARN_OBJC_LITERAL_CONVERSION = YES;
				CLANG_WARN_OBJC_ROOT_CLASS = YES_ERROR;
				CLANG_WARN_QUOTED_INCLUDE_IN_FRAMEWORK_HEADER = YES;
				CLANG_WARN_RANGE_LOOP_ANALYSIS = YES;
				CLANG_WARN_STRICT_PROTOTYPES = YES;
				CLANG_WARN_SUSPICIOUS_MOVE = YES;
				CLANG_WARN_UNGUARDED_AVAILABILITY = YES_AGGRESSIVE;
				CLANG_WARN_UNREACHABLE_CODE = YES;
				CLANG_WARN__DUPLICATE_METHOD_MATCH = YES;
				COPY_PHASE_STRIP = NO;
				DEBUG_INFORMATION_FORMAT = "dwarf-with-dsym";
				ENABLE_NS_ASSERTIONS = NO;
				ENABLE_STRICT_OBJC_MSGSEND = YES;
				GCC_C_LANGUAGE_STANDARD = gnu11;
				GCC_NO_COMMON_BLOCKS = YES;
				GCC_WARN_64_TO_32_BIT_CONVERSION = YES;
				GCC_WARN_ABOUT_RETURN_TYPE = YES_ERROR;
				GCC_WARN_UNDECLARED_SELECTOR = YES;
				GCC_WARN_UNINITIALIZED_AUTOS = YES_AGGRESSIVE;
				GCC_WARN_UNUSED_FUNCTION = YES;
				GCC_WARN_UNUSED_VARIABLE = YES;
				IPHONEOS_DEPLOYMENT_TARGET = 14.5;
				MTL_ENABLE_DEBUG_INFO = NO;
				MTL_FAST_MATH = YES;
				SDKROOT = iphoneos;
				VALIDATE_PRODUCT = YES;
			};
			name = Release;
		};
		AD946427264A240700695774 /* Debug */ = {
			isa = XCBuildConfiguration;
			buildSettings = {
				ASSETCATALOG_COMPILER_APPICON_NAME = AppIcon;
				ASSETCATALOG_COMPILER_GLOBAL_ACCENT_COLOR_NAME = AccentColor;
				CODE_SIGN_STYLE = Automatic;
				INFOPLIST_FILE = "Pact-iOS-ObjC-Example/Info.plist";
				IPHONEOS_DEPLOYMENT_TARGET = 14.3;
				LD_RUNPATH_SEARCH_PATHS = (
					"$(inherited)",
					"@executable_path/Frameworks",
				);
				PRODUCT_BUNDLE_IDENTIFIER = "com.fiftyoneapps.pact-foundation.demo.Pact-iOS-ObjC-Example";
				PRODUCT_NAME = "$(TARGET_NAME)";
				TARGETED_DEVICE_FAMILY = "1,2";
			};
			name = Debug;
		};
		AD946428264A240700695774 /* Release */ = {
			isa = XCBuildConfiguration;
			buildSettings = {
				ASSETCATALOG_COMPILER_APPICON_NAME = AppIcon;
				ASSETCATALOG_COMPILER_GLOBAL_ACCENT_COLOR_NAME = AccentColor;
				CODE_SIGN_STYLE = Automatic;
				INFOPLIST_FILE = "Pact-iOS-ObjC-Example/Info.plist";
				IPHONEOS_DEPLOYMENT_TARGET = 14.3;
				LD_RUNPATH_SEARCH_PATHS = (
					"$(inherited)",
					"@executable_path/Frameworks",
				);
				PRODUCT_BUNDLE_IDENTIFIER = "com.fiftyoneapps.pact-foundation.demo.Pact-iOS-ObjC-Example";
				PRODUCT_NAME = "$(TARGET_NAME)";
				TARGETED_DEVICE_FAMILY = "1,2";
			};
			name = Release;
		};
		AD94642A264A240700695774 /* Debug */ = {
			isa = XCBuildConfiguration;
			buildSettings = {
				BUNDLE_LOADER = "$(TEST_HOST)";
				CODE_SIGN_STYLE = Automatic;
				INFOPLIST_FILE = "Pact-iOS-ObjC-ExampleTests/Info.plist";
				IPHONEOS_DEPLOYMENT_TARGET = 14.3;
				LD_RUNPATH_SEARCH_PATHS = (
					"$(inherited)",
					"@executable_path/Frameworks",
					"@loader_path/Frameworks",
				);
				PRODUCT_BUNDLE_IDENTIFIER = "com.fiftyoneapps.pact-foundation.demo.Pact-iOS-ObjC-ExampleTests";
				PRODUCT_NAME = "$(TARGET_NAME)";
				TARGETED_DEVICE_FAMILY = "1,2";
				TEST_HOST = "$(BUILT_PRODUCTS_DIR)/Pact-iOS-ObjC-Example.app/Pact-iOS-ObjC-Example";
				TVOS_DEPLOYMENT_TARGET = 14.3;
			};
			name = Debug;
		};
		AD94642B264A240700695774 /* Release */ = {
			isa = XCBuildConfiguration;
			buildSettings = {
				BUNDLE_LOADER = "$(TEST_HOST)";
				CODE_SIGN_STYLE = Automatic;
				INFOPLIST_FILE = "Pact-iOS-ObjC-ExampleTests/Info.plist";
				IPHONEOS_DEPLOYMENT_TARGET = 14.3;
				LD_RUNPATH_SEARCH_PATHS = (
					"$(inherited)",
					"@executable_path/Frameworks",
					"@loader_path/Frameworks",
				);
				PRODUCT_BUNDLE_IDENTIFIER = "com.fiftyoneapps.pact-foundation.demo.Pact-iOS-ObjC-ExampleTests";
				PRODUCT_NAME = "$(TARGET_NAME)";
				TARGETED_DEVICE_FAMILY = "1,2";
				TEST_HOST = "$(BUILT_PRODUCTS_DIR)/Pact-iOS-ObjC-Example.app/Pact-iOS-ObjC-Example";
				TVOS_DEPLOYMENT_TARGET = 14.3;
			};
			name = Release;
		};
		AD94642D264A240700695774 /* Debug */ = {
			isa = XCBuildConfiguration;
			buildSettings = {
				CODE_SIGN_STYLE = Automatic;
				INFOPLIST_FILE = "Pact-iOS-ObjC-ExampleUITests/Info.plist";
				LD_RUNPATH_SEARCH_PATHS = (
					"$(inherited)",
					"@executable_path/Frameworks",
					"@loader_path/Frameworks",
				);
				PRODUCT_BUNDLE_IDENTIFIER = "com.fiftyoneapps.pact-foundation.demo.Pact-iOS-ObjC-ExampleUITests";
				PRODUCT_NAME = "$(TARGET_NAME)";
				TARGETED_DEVICE_FAMILY = "1,2";
				TEST_TARGET_NAME = "Pact-iOS-ObjC-Example";
			};
			name = Debug;
		};
		AD94642E264A240700695774 /* Release */ = {
			isa = XCBuildConfiguration;
			buildSettings = {
				CODE_SIGN_STYLE = Automatic;
				INFOPLIST_FILE = "Pact-iOS-ObjC-ExampleUITests/Info.plist";
				LD_RUNPATH_SEARCH_PATHS = (
					"$(inherited)",
					"@executable_path/Frameworks",
					"@loader_path/Frameworks",
				);
				PRODUCT_BUNDLE_IDENTIFIER = "com.fiftyoneapps.pact-foundation.demo.Pact-iOS-ObjC-ExampleUITests";
				PRODUCT_NAME = "$(TARGET_NAME)";
				TARGETED_DEVICE_FAMILY = "1,2";
				TEST_TARGET_NAME = "Pact-iOS-ObjC-Example";
			};
			name = Release;
		};
/* End XCBuildConfiguration section */

/* Begin XCConfigurationList section */
		AD9463F2264A240600695774 /* Build configuration list for PBXProject "Pact-iOS-ObjC-Example" */ = {
			isa = XCConfigurationList;
			buildConfigurations = (
				AD946424264A240700695774 /* Debug */,
				AD946425264A240700695774 /* Release */,
			);
			defaultConfigurationIsVisible = 0;
			defaultConfigurationName = Release;
		};
		AD946426264A240700695774 /* Build configuration list for PBXNativeTarget "Pact-iOS-ObjC-Example" */ = {
			isa = XCConfigurationList;
			buildConfigurations = (
				AD946427264A240700695774 /* Debug */,
				AD946428264A240700695774 /* Release */,
			);
			defaultConfigurationIsVisible = 0;
			defaultConfigurationName = Release;
		};
		AD946429264A240700695774 /* Build configuration list for PBXNativeTarget "Pact-iOS-ObjC-ExampleTests" */ = {
			isa = XCConfigurationList;
			buildConfigurations = (
				AD94642A264A240700695774 /* Debug */,
				AD94642B264A240700695774 /* Release */,
			);
			defaultConfigurationIsVisible = 0;
			defaultConfigurationName = Release;
		};
		AD94642C264A240700695774 /* Build configuration list for PBXNativeTarget "Pact-iOS-ObjC-ExampleUITests" */ = {
			isa = XCConfigurationList;
			buildConfigurations = (
				AD94642D264A240700695774 /* Debug */,
				AD94642E264A240700695774 /* Release */,
			);
			defaultConfigurationIsVisible = 0;
			defaultConfigurationName = Release;
		};
/* End XCConfigurationList section */

/* Begin XCRemoteSwiftPackageReference section */
		ADF17CDA26B53F96008E7ECD /* XCRemoteSwiftPackageReference "PactSwift" */ = {
			isa = XCRemoteSwiftPackageReference;
			repositoryURL = "http://github.com/surpher/PactSwift";
			requirement = {
				kind = upToNextMinorVersion;
				minimumVersion = 1.0.0;
			};
		};
/* End XCRemoteSwiftPackageReference section */

/* Begin XCSwiftPackageProductDependency section */
		ADF17CDB26B53F96008E7ECD /* PactSwift */ = {
			isa = XCSwiftPackageProductDependency;
			package = ADF17CDA26B53F96008E7ECD /* XCRemoteSwiftPackageReference "PactSwift" */;
			productName = PactSwift;
		};
/* End XCSwiftPackageProductDependency section */
	};
	rootObject = AD9463EF264A240600695774 /* Project object */;
}
