// !$*UTF8*$!
{
	archiveVersion = 1;
	classes = {
	};
	objectVersion = 77;
	objects = {

/* Begin PBXBuildFile section */
		AD05CB8B2D544DE8004B2B75 /* PactSwift in Frameworks */ = {isa = PBXBuildFile; productRef = AD05CB8A2D544DE8004B2B75 /* PactSwift */; };
/* End PBXBuildFile section */

/* Begin PBXContainerItemProxy section */
		AD05CB692D543FC7004B2B75 /* PBXContainerItemProxy */ = {
			isa = PBXContainerItemProxy;
			containerPortal = AD05CB4F2D543FC6004B2B75 /* Project object */;
			proxyType = 1;
			remoteGlobalIDString = AD05CB562D543FC6004B2B75;
			remoteInfo = "Pact-Concurrency";
		};
		AD05CB732D543FC7004B2B75 /* PBXContainerItemProxy */ = {
			isa = PBXContainerItemProxy;
			containerPortal = AD05CB4F2D543FC6004B2B75 /* Project object */;
			proxyType = 1;
			remoteGlobalIDString = AD05CB562D543FC6004B2B75;
			remoteInfo = "Pact-Concurrency";
		};
/* End PBXContainerItemProxy section */

/* Begin PBXFileReference section */
		AD05CB572D543FC6004B2B75 /* Pact-Concurrency.app */ = {isa = PBXFileReference; explicitFileType = wrapper.application; includeInIndex = 0; path = "Pact-Concurrency.app"; sourceTree = BUILT_PRODUCTS_DIR; };
		AD05CB682D543FC7004B2B75 /* Pact-ConcurrencyTests.xctest */ = {isa = PBXFileReference; explicitFileType = wrapper.cfbundle; includeInIndex = 0; path = "Pact-ConcurrencyTests.xctest"; sourceTree = BUILT_PRODUCTS_DIR; };
		AD05CB722D543FC7004B2B75 /* Pact-ConcurrencyUITests.xctest */ = {isa = PBXFileReference; explicitFileType = wrapper.cfbundle; includeInIndex = 0; path = "Pact-ConcurrencyUITests.xctest"; sourceTree = BUILT_PRODUCTS_DIR; };
/* End PBXFileReference section */

/* Begin PBXFileSystemSynchronizedRootGroup section */
		AD05CB592D543FC6004B2B75 /* Pact-Concurrency */ = {
			isa = PBXFileSystemSynchronizedRootGroup;
			path = "Pact-Concurrency";
			sourceTree = "<group>";
		};
		AD05CB6B2D543FC7004B2B75 /* Pact-ConcurrencyTests */ = {
			isa = PBXFileSystemSynchronizedRootGroup;
			path = "Pact-ConcurrencyTests";
			sourceTree = "<group>";
		};
		AD05CB752D543FC7004B2B75 /* Pact-ConcurrencyUITests */ = {
			isa = PBXFileSystemSynchronizedRootGroup;
			path = "Pact-ConcurrencyUITests";
			sourceTree = "<group>";
		};
/* End PBXFileSystemSynchronizedRootGroup section */

/* Begin PBXFrameworksBuildPhase section */
		AD05CB542D543FC6004B2B75 /* Frameworks */ = {
			isa = PBXFrameworksBuildPhase;
			buildActionMask = 2147483647;
			files = (
			);
			runOnlyForDeploymentPostprocessing = 0;
		};
		AD05CB652D543FC7004B2B75 /* Frameworks */ = {
			isa = PBXFrameworksBuildPhase;
			buildActionMask = 2147483647;
			files = (
				AD05CB8B2D544DE8004B2B75 /* PactSwift in Frameworks */,
			);
			runOnlyForDeploymentPostprocessing = 0;
		};
		AD05CB6F2D543FC7004B2B75 /* Frameworks */ = {
			isa = PBXFrameworksBuildPhase;
			buildActionMask = 2147483647;
			files = (
			);
			runOnlyForDeploymentPostprocessing = 0;
		};
/* End PBXFrameworksBuildPhase section */

/* Begin PBXGroup section */
		AD05CB4E2D543FC6004B2B75 = {
			isa = PBXGroup;
			children = (
				AD05CB592D543FC6004B2B75 /* Pact-Concurrency */,
				AD05CB6B2D543FC7004B2B75 /* Pact-ConcurrencyTests */,
				AD05CB752D543FC7004B2B75 /* Pact-ConcurrencyUITests */,
				AD05CB582D543FC6004B2B75 /* Products */,
			);
			sourceTree = "<group>";
		};
		AD05CB582D543FC6004B2B75 /* Products */ = {
			isa = PBXGroup;
			children = (
				AD05CB572D543FC6004B2B75 /* Pact-Concurrency.app */,
				AD05CB682D543FC7004B2B75 /* Pact-ConcurrencyTests.xctest */,
				AD05CB722D543FC7004B2B75 /* Pact-ConcurrencyUITests.xctest */,
			);
			name = Products;
			sourceTree = "<group>";
		};
/* End PBXGroup section */

/* Begin PBXNativeTarget section */
		AD05CB562D543FC6004B2B75 /* Pact-Concurrency */ = {
			isa = PBXNativeTarget;
			buildConfigurationList = AD05CB7C2D543FC7004B2B75 /* Build configuration list for PBXNativeTarget "Pact-Concurrency" */;
			buildPhases = (
				AD05CB532D543FC6004B2B75 /* Sources */,
				AD05CB542D543FC6004B2B75 /* Frameworks */,
				AD05CB552D543FC6004B2B75 /* Resources */,
			);
			buildRules = (
			);
			dependencies = (
			);
			fileSystemSynchronizedGroups = (
				AD05CB592D543FC6004B2B75 /* Pact-Concurrency */,
			);
			name = "Pact-Concurrency";
			packageProductDependencies = (
			);
			productName = "Pact-Concurrency";
			productReference = AD05CB572D543FC6004B2B75 /* Pact-Concurrency.app */;
			productType = "com.apple.product-type.application";
		};
		AD05CB672D543FC7004B2B75 /* Pact-ConcurrencyTests */ = {
			isa = PBXNativeTarget;
			buildConfigurationList = AD05CB7F2D543FC7004B2B75 /* Build configuration list for PBXNativeTarget "Pact-ConcurrencyTests" */;
			buildPhases = (
				AD05CB642D543FC7004B2B75 /* Sources */,
				AD05CB652D543FC7004B2B75 /* Frameworks */,
				AD05CB662D543FC7004B2B75 /* Resources */,
			);
			buildRules = (
			);
			dependencies = (
				AD05CB6A2D543FC7004B2B75 /* PBXTargetDependency */,
			);
			fileSystemSynchronizedGroups = (
				AD05CB6B2D543FC7004B2B75 /* Pact-ConcurrencyTests */,
			);
			name = "Pact-ConcurrencyTests";
			packageProductDependencies = (
				AD05CB8A2D544DE8004B2B75 /* PactSwift */,
			);
			productName = "Pact-ConcurrencyTests";
			productReference = AD05CB682D543FC7004B2B75 /* Pact-ConcurrencyTests.xctest */;
			productType = "com.apple.product-type.bundle.unit-test";
		};
		AD05CB712D543FC7004B2B75 /* Pact-ConcurrencyUITests */ = {
			isa = PBXNativeTarget;
			buildConfigurationList = AD05CB822D543FC7004B2B75 /* Build configuration list for PBXNativeTarget "Pact-ConcurrencyUITests" */;
			buildPhases = (
				AD05CB6E2D543FC7004B2B75 /* Sources */,
				AD05CB6F2D543FC7004B2B75 /* Frameworks */,
				AD05CB702D543FC7004B2B75 /* Resources */,
			);
			buildRules = (
			);
			dependencies = (
				AD05CB742D543FC7004B2B75 /* PBXTargetDependency */,
			);
			fileSystemSynchronizedGroups = (
				AD05CB752D543FC7004B2B75 /* Pact-ConcurrencyUITests */,
			);
			name = "Pact-ConcurrencyUITests";
			packageProductDependencies = (
			);
			productName = "Pact-ConcurrencyUITests";
			productReference = AD05CB722D543FC7004B2B75 /* Pact-ConcurrencyUITests.xctest */;
			productType = "com.apple.product-type.bundle.ui-testing";
		};
/* End PBXNativeTarget section */

/* Begin PBXProject section */
		AD05CB4F2D543FC6004B2B75 /* Project object */ = {
			isa = PBXProject;
			attributes = {
				BuildIndependentTargetsInParallel = 1;
				LastSwiftUpdateCheck = 1620;
				LastUpgradeCheck = 1620;
				TargetAttributes = {
					AD05CB562D543FC6004B2B75 = {
						CreatedOnToolsVersion = 16.2;
					};
					AD05CB672D543FC7004B2B75 = {
						CreatedOnToolsVersion = 16.2;
						TestTargetID = AD05CB562D543FC6004B2B75;
					};
					AD05CB712D543FC7004B2B75 = {
						CreatedOnToolsVersion = 16.2;
						TestTargetID = AD05CB562D543FC6004B2B75;
					};
				};
			};
			buildConfigurationList = AD05CB522D543FC6004B2B75 /* Build configuration list for PBXProject "Pact-Concurrency" */;
			developmentRegion = en;
			hasScannedForEncodings = 0;
			knownRegions = (
				en,
				Base,
			);
			mainGroup = AD05CB4E2D543FC6004B2B75;
			minimizedProjectReferenceProxies = 1;
			packageReferences = (
				AD05CB892D544DE8004B2B75 /* XCRemoteSwiftPackageReference "PactSwift" */,
			);
			preferredProjectObjectVersion = 77;
			productRefGroup = AD05CB582D543FC6004B2B75 /* Products */;
			projectDirPath = "";
			projectRoot = "";
			targets = (
				AD05CB562D543FC6004B2B75 /* Pact-Concurrency */,
				AD05CB672D543FC7004B2B75 /* Pact-ConcurrencyTests */,
				AD05CB712D543FC7004B2B75 /* Pact-ConcurrencyUITests */,
			);
		};
/* End PBXProject section */

/* Begin PBXResourcesBuildPhase section */
		AD05CB552D543FC6004B2B75 /* Resources */ = {
			isa = PBXResourcesBuildPhase;
			buildActionMask = 2147483647;
			files = (
			);
			runOnlyForDeploymentPostprocessing = 0;
		};
		AD05CB662D543FC7004B2B75 /* Resources */ = {
			isa = PBXResourcesBuildPhase;
			buildActionMask = 2147483647;
			files = (
			);
			runOnlyForDeploymentPostprocessing = 0;
		};
		AD05CB702D543FC7004B2B75 /* Resources */ = {
			isa = PBXResourcesBuildPhase;
			buildActionMask = 2147483647;
			files = (
			);
			runOnlyForDeploymentPostprocessing = 0;
		};
/* End PBXResourcesBuildPhase section */

/* Begin PBXSourcesBuildPhase section */
		AD05CB532D543FC6004B2B75 /* Sources */ = {
			isa = PBXSourcesBuildPhase;
			buildActionMask = 2147483647;
			files = (
			);
			runOnlyForDeploymentPostprocessing = 0;
		};
		AD05CB642D543FC7004B2B75 /* Sources */ = {
			isa = PBXSourcesBuildPhase;
			buildActionMask = 2147483647;
			files = (
			);
			runOnlyForDeploymentPostprocessing = 0;
		};
		AD05CB6E2D543FC7004B2B75 /* Sources */ = {
			isa = PBXSourcesBuildPhase;
			buildActionMask = 2147483647;
			files = (
			);
			runOnlyForDeploymentPostprocessing = 0;
		};
/* End PBXSourcesBuildPhase section */

/* Begin PBXTargetDependency section */
		AD05CB6A2D543FC7004B2B75 /* PBXTargetDependency */ = {
			isa = PBXTargetDependency;
			target = AD05CB562D543FC6004B2B75 /* Pact-Concurrency */;
			targetProxy = AD05CB692D543FC7004B2B75 /* PBXContainerItemProxy */;
		};
		AD05CB742D543FC7004B2B75 /* PBXTargetDependency */ = {
			isa = PBXTargetDependency;
			target = AD05CB562D543FC6004B2B75 /* Pact-Concurrency */;
			targetProxy = AD05CB732D543FC7004B2B75 /* PBXContainerItemProxy */;
		};
/* End PBXTargetDependency section */

/* Begin XCBuildConfiguration section */
		AD05CB7A2D543FC7004B2B75 /* Debug */ = {
			isa = XCBuildConfiguration;
			buildSettings = {
				ALWAYS_SEARCH_USER_PATHS = NO;
				ASSETCATALOG_COMPILER_GENERATE_SWIFT_ASSET_SYMBOL_EXTENSIONS = YES;
				CLANG_ANALYZER_NONNULL = YES;
				CLANG_ANALYZER_NUMBER_OBJECT_CONVERSION = YES_AGGRESSIVE;
				CLANG_CXX_LANGUAGE_STANDARD = "gnu++20";
				CLANG_ENABLE_MODULES = YES;
				CLANG_ENABLE_OBJC_ARC = YES;
				CLANG_ENABLE_OBJC_WEAK = YES;
				CLANG_WARN_BLOCK_CAPTURE_AUTORELEASING = YES;
				CLANG_WARN_BOOL_CONVERSION = YES;
				CLANG_WARN_COMMA = YES;
				CLANG_WARN_CONSTANT_CONVERSION = YES;
				CLANG_WARN_DEPRECATED_OBJC_IMPLEMENTATIONS = YES;
				CLANG_WARN_DIRECT_OBJC_ISA_USAGE = YES_ERROR;
				CLANG_WARN_DOCUMENTATION_COMMENTS = YES;
				CLANG_WARN_EMPTY_BODY = YES;
				CLANG_WARN_ENUM_CONVERSION = YES;
				CLANG_WARN_INFINITE_RECURSION = YES;
				CLANG_WARN_INT_CONVERSION = YES;
				CLANG_WARN_NON_LITERAL_NULL_CONVERSION = YES;
				CLANG_WARN_OBJC_IMPLICIT_RETAIN_SELF = YES;
				CLANG_WARN_OBJC_LITERAL_CONVERSION = YES;
				CLANG_WARN_OBJC_ROOT_CLASS = YES_ERROR;
				CLANG_WARN_QUOTED_INCLUDE_IN_FRAMEWORK_HEADER = YES;
				CLANG_WARN_RANGE_LOOP_ANALYSIS = YES;
				CLANG_WARN_STRICT_PROTOTYPES = YES;
				CLANG_WARN_SUSPICIOUS_MOVE = YES;
				CLANG_WARN_UNGUARDED_AVAILABILITY = YES_AGGRESSIVE;
				CLANG_WARN_UNREACHABLE_CODE = YES;
				CLANG_WARN__DUPLICATE_METHOD_MATCH = YES;
				COPY_PHASE_STRIP = NO;
				DEBUG_INFORMATION_FORMAT = dwarf;
				ENABLE_STRICT_OBJC_MSGSEND = YES;
				ENABLE_TESTABILITY = YES;
				ENABLE_USER_SCRIPT_SANDBOXING = YES;
				GCC_C_LANGUAGE_STANDARD = gnu17;
				GCC_DYNAMIC_NO_PIC = NO;
				GCC_NO_COMMON_BLOCKS = YES;
				GCC_OPTIMIZATION_LEVEL = 0;
				GCC_PREPROCESSOR_DEFINITIONS = (
					"DEBUG=1",
					"$(inherited)",
				);
				GCC_WARN_64_TO_32_BIT_CONVERSION = YES;
				GCC_WARN_ABOUT_RETURN_TYPE = YES_ERROR;
				GCC_WARN_UNDECLARED_SELECTOR = YES;
				GCC_WARN_UNINITIALIZED_AUTOS = YES_AGGRESSIVE;
				GCC_WARN_UNUSED_FUNCTION = YES;
				GCC_WARN_UNUSED_VARIABLE = YES;
				LOCALIZATION_PREFERS_STRING_CATALOGS = YES;
				MTL_ENABLE_DEBUG_INFO = INCLUDE_SOURCE;
				MTL_FAST_MATH = YES;
				ONLY_ACTIVE_ARCH = YES;
				SWIFT_ACTIVE_COMPILATION_CONDITIONS = "DEBUG $(inherited)";
				SWIFT_OPTIMIZATION_LEVEL = "-Onone";
			};
			name = Debug;
		};
		AD05CB7B2D543FC7004B2B75 /* Release */ = {
			isa = XCBuildConfiguration;
			buildSettings = {
				ALWAYS_SEARCH_USER_PATHS = NO;
				ASSETCATALOG_COMPILER_GENERATE_SWIFT_ASSET_SYMBOL_EXTENSIONS = YES;
				CLANG_ANALYZER_NONNULL = YES;
				CLANG_ANALYZER_NUMBER_OBJECT_CONVERSION = YES_AGGRESSIVE;
				CLANG_CXX_LANGUAGE_STANDARD = "gnu++20";
				CLANG_ENABLE_MODULES = YES;
				CLANG_ENABLE_OBJC_ARC = YES;
				CLANG_ENABLE_OBJC_WEAK = YES;
				CLANG_WARN_BLOCK_CAPTURE_AUTORELEASING = YES;
				CLANG_WARN_BOOL_CONVERSION = YES;
				CLANG_WARN_COMMA = YES;
				CLANG_WARN_CONSTANT_CONVERSION = YES;
				CLANG_WARN_DEPRECATED_OBJC_IMPLEMENTATIONS = YES;
				CLANG_WARN_DIRECT_OBJC_ISA_USAGE = YES_ERROR;
				CLANG_WARN_DOCUMENTATION_COMMENTS = YES;
				CLANG_WARN_EMPTY_BODY = YES;
				CLANG_WARN_ENUM_CONVERSION = YES;
				CLANG_WARN_INFINITE_RECURSION = YES;
				CLANG_WARN_INT_CONVERSION = YES;
				CLANG_WARN_NON_LITERAL_NULL_CONVERSION = YES;
				CLANG_WARN_OBJC_IMPLICIT_RETAIN_SELF = YES;
				CLANG_WARN_OBJC_LITERAL_CONVERSION = YES;
				CLANG_WARN_OBJC_ROOT_CLASS = YES_ERROR;
				CLANG_WARN_QUOTED_INCLUDE_IN_FRAMEWORK_HEADER = YES;
				CLANG_WARN_RANGE_LOOP_ANALYSIS = YES;
				CLANG_WARN_STRICT_PROTOTYPES = YES;
				CLANG_WARN_SUSPICIOUS_MOVE = YES;
				CLANG_WARN_UNGUARDED_AVAILABILITY = YES_AGGRESSIVE;
				CLANG_WARN_UNREACHABLE_CODE = YES;
				CLANG_WARN__DUPLICATE_METHOD_MATCH = YES;
				COPY_PHASE_STRIP = NO;
				DEBUG_INFORMATION_FORMAT = "dwarf-with-dsym";
				ENABLE_NS_ASSERTIONS = NO;
				ENABLE_STRICT_OBJC_MSGSEND = YES;
				ENABLE_USER_SCRIPT_SANDBOXING = YES;
				GCC_C_LANGUAGE_STANDARD = gnu17;
				GCC_NO_COMMON_BLOCKS = YES;
				GCC_WARN_64_TO_32_BIT_CONVERSION = YES;
				GCC_WARN_ABOUT_RETURN_TYPE = YES_ERROR;
				GCC_WARN_UNDECLARED_SELECTOR = YES;
				GCC_WARN_UNINITIALIZED_AUTOS = YES_AGGRESSIVE;
				GCC_WARN_UNUSED_FUNCTION = YES;
				GCC_WARN_UNUSED_VARIABLE = YES;
				LOCALIZATION_PREFERS_STRING_CATALOGS = YES;
				MTL_ENABLE_DEBUG_INFO = NO;
				MTL_FAST_MATH = YES;
				SWIFT_COMPILATION_MODE = wholemodule;
			};
			name = Release;
		};
		AD05CB7D2D543FC7004B2B75 /* Debug */ = {
			isa = XCBuildConfiguration;
			buildSettings = {
				ASSETCATALOG_COMPILER_APPICON_NAME = AppIcon;
				ASSETCATALOG_COMPILER_GLOBAL_ACCENT_COLOR_NAME = AccentColor;
				CODE_SIGN_ENTITLEMENTS = "Pact-Concurrency/Pact_Concurrency.entitlements";
				CODE_SIGN_STYLE = Automatic;
				CURRENT_PROJECT_VERSION = 1;
				DEVELOPMENT_ASSET_PATHS = "\"Pact-Concurrency/Preview Content\"";
				ENABLE_PREVIEWS = YES;
				GENERATE_INFOPLIST_FILE = YES;
				"INFOPLIST_KEY_UIApplicationSceneManifest_Generation[sdk=iphoneos*]" = YES;
				"INFOPLIST_KEY_UIApplicationSceneManifest_Generation[sdk=iphonesimulator*]" = YES;
				"INFOPLIST_KEY_UIApplicationSupportsIndirectInputEvents[sdk=iphoneos*]" = YES;
				"INFOPLIST_KEY_UIApplicationSupportsIndirectInputEvents[sdk=iphonesimulator*]" = YES;
				"INFOPLIST_KEY_UILaunchScreen_Generation[sdk=iphoneos*]" = YES;
				"INFOPLIST_KEY_UILaunchScreen_Generation[sdk=iphonesimulator*]" = YES;
				"INFOPLIST_KEY_UIStatusBarStyle[sdk=iphoneos*]" = UIStatusBarStyleDefault;
				"INFOPLIST_KEY_UIStatusBarStyle[sdk=iphonesimulator*]" = UIStatusBarStyleDefault;
				INFOPLIST_KEY_UISupportedInterfaceOrientations_iPad = "UIInterfaceOrientationPortrait UIInterfaceOrientationPortraitUpsideDown UIInterfaceOrientationLandscapeLeft UIInterfaceOrientationLandscapeRight";
				INFOPLIST_KEY_UISupportedInterfaceOrientations_iPhone = "UIInterfaceOrientationPortrait UIInterfaceOrientationLandscapeLeft UIInterfaceOrientationLandscapeRight";
				IPHONEOS_DEPLOYMENT_TARGET = 18.2;
				LD_RUNPATH_SEARCH_PATHS = "@executable_path/Frameworks";
				"LD_RUNPATH_SEARCH_PATHS[sdk=macosx*]" = "@executable_path/../Frameworks";
				MACOSX_DEPLOYMENT_TARGET = 15.2;
				MARKETING_VERSION = 1.0;
				PRODUCT_BUNDLE_IDENTIFIER = "com.pact-foundation.pactswiftexample.Pact-Concurrency";
				PRODUCT_NAME = "$(TARGET_NAME)";
				SDKROOT = auto;
				SUPPORTED_PLATFORMS = "iphoneos iphonesimulator macosx xros xrsimulator";
				SWIFT_EMIT_LOC_STRINGS = YES;
				SWIFT_VERSION = 5.0;
				TARGETED_DEVICE_FAMILY = "1,2,7";
				XROS_DEPLOYMENT_TARGET = 2.2;
			};
			name = Debug;
		};
		AD05CB7E2D543FC7004B2B75 /* Release */ = {
			isa = XCBuildConfiguration;
			buildSettings = {
				ASSETCATALOG_COMPILER_APPICON_NAME = AppIcon;
				ASSETCATALOG_COMPILER_GLOBAL_ACCENT_COLOR_NAME = AccentColor;
				CODE_SIGN_ENTITLEMENTS = "Pact-Concurrency/Pact_Concurrency.entitlements";
				CODE_SIGN_STYLE = Automatic;
				CURRENT_PROJECT_VERSION = 1;
				DEVELOPMENT_ASSET_PATHS = "\"Pact-Concurrency/Preview Content\"";
				ENABLE_PREVIEWS = YES;
				GENERATE_INFOPLIST_FILE = YES;
				"INFOPLIST_KEY_UIApplicationSceneManifest_Generation[sdk=iphoneos*]" = YES;
				"INFOPLIST_KEY_UIApplicationSceneManifest_Generation[sdk=iphonesimulator*]" = YES;
				"INFOPLIST_KEY_UIApplicationSupportsIndirectInputEvents[sdk=iphoneos*]" = YES;
				"INFOPLIST_KEY_UIApplicationSupportsIndirectInputEvents[sdk=iphonesimulator*]" = YES;
				"INFOPLIST_KEY_UILaunchScreen_Generation[sdk=iphoneos*]" = YES;
				"INFOPLIST_KEY_UILaunchScreen_Generation[sdk=iphonesimulator*]" = YES;
				"INFOPLIST_KEY_UIStatusBarStyle[sdk=iphoneos*]" = UIStatusBarStyleDefault;
				"INFOPLIST_KEY_UIStatusBarStyle[sdk=iphonesimulator*]" = UIStatusBarStyleDefault;
				INFOPLIST_KEY_UISupportedInterfaceOrientations_iPad = "UIInterfaceOrientationPortrait UIInterfaceOrientationPortraitUpsideDown UIInterfaceOrientationLandscapeLeft UIInterfaceOrientationLandscapeRight";
				INFOPLIST_KEY_UISupportedInterfaceOrientations_iPhone = "UIInterfaceOrientationPortrait UIInterfaceOrientationLandscapeLeft UIInterfaceOrientationLandscapeRight";
				IPHONEOS_DEPLOYMENT_TARGET = 18.2;
				LD_RUNPATH_SEARCH_PATHS = "@executable_path/Frameworks";
				"LD_RUNPATH_SEARCH_PATHS[sdk=macosx*]" = "@executable_path/../Frameworks";
				MACOSX_DEPLOYMENT_TARGET = 15.2;
				MARKETING_VERSION = 1.0;
				PRODUCT_BUNDLE_IDENTIFIER = "com.pact-foundation.pactswiftexample.Pact-Concurrency";
				PRODUCT_NAME = "$(TARGET_NAME)";
				SDKROOT = auto;
				SUPPORTED_PLATFORMS = "iphoneos iphonesimulator macosx xros xrsimulator";
				SWIFT_EMIT_LOC_STRINGS = YES;
				SWIFT_VERSION = 5.0;
				TARGETED_DEVICE_FAMILY = "1,2,7";
				XROS_DEPLOYMENT_TARGET = 2.2;
			};
			name = Release;
		};
		AD05CB802D543FC7004B2B75 /* Debug */ = {
			isa = XCBuildConfiguration;
			buildSettings = {
				BUNDLE_LOADER = "$(TEST_HOST)";
				CODE_SIGN_STYLE = Automatic;
				CURRENT_PROJECT_VERSION = 1;
				GENERATE_INFOPLIST_FILE = YES;
				IPHONEOS_DEPLOYMENT_TARGET = 18.2;
				MACOSX_DEPLOYMENT_TARGET = 15.2;
				MARKETING_VERSION = 1.0;
				PRODUCT_BUNDLE_IDENTIFIER = "com.pact-foundation.pactswiftexample.Pact-ConcurrencyTests";
				PRODUCT_NAME = "$(TARGET_NAME)";
				SDKROOT = auto;
				SUPPORTED_PLATFORMS = "iphoneos iphonesimulator macosx xros xrsimulator";
				SWIFT_EMIT_LOC_STRINGS = NO;
				SWIFT_VERSION = 5.0;
				TARGETED_DEVICE_FAMILY = "1,2,7";
				TEST_HOST = "$(BUILT_PRODUCTS_DIR)/Pact-Concurrency.app/$(BUNDLE_EXECUTABLE_FOLDER_PATH)/Pact-Concurrency";
				XROS_DEPLOYMENT_TARGET = 2.2;
			};
			name = Debug;
		};
		AD05CB812D543FC7004B2B75 /* Release */ = {
			isa = XCBuildConfiguration;
			buildSettings = {
				BUNDLE_LOADER = "$(TEST_HOST)";
				CODE_SIGN_STYLE = Automatic;
				CURRENT_PROJECT_VERSION = 1;
				GENERATE_INFOPLIST_FILE = YES;
				IPHONEOS_DEPLOYMENT_TARGET = 18.2;
				MACOSX_DEPLOYMENT_TARGET = 15.2;
				MARKETING_VERSION = 1.0;
				PRODUCT_BUNDLE_IDENTIFIER = "com.pact-foundation.pactswiftexample.Pact-ConcurrencyTests";
				PRODUCT_NAME = "$(TARGET_NAME)";
				SDKROOT = auto;
				SUPPORTED_PLATFORMS = "iphoneos iphonesimulator macosx xros xrsimulator";
				SWIFT_EMIT_LOC_STRINGS = NO;
				SWIFT_VERSION = 5.0;
				TARGETED_DEVICE_FAMILY = "1,2,7";
				TEST_HOST = "$(BUILT_PRODUCTS_DIR)/Pact-Concurrency.app/$(BUNDLE_EXECUTABLE_FOLDER_PATH)/Pact-Concurrency";
				XROS_DEPLOYMENT_TARGET = 2.2;
			};
			name = Release;
		};
		AD05CB832D543FC7004B2B75 /* Debug */ = {
			isa = XCBuildConfiguration;
			buildSettings = {
				CODE_SIGN_STYLE = Automatic;
				CURRENT_PROJECT_VERSION = 1;
				GENERATE_INFOPLIST_FILE = YES;
				IPHONEOS_DEPLOYMENT_TARGET = 18.2;
				MACOSX_DEPLOYMENT_TARGET = 15.2;
				MARKETING_VERSION = 1.0;
				PRODUCT_BUNDLE_IDENTIFIER = "com.pact-foundation.pactswiftexample.Pact-ConcurrencyUITests";
				PRODUCT_NAME = "$(TARGET_NAME)";
				SDKROOT = auto;
				SUPPORTED_PLATFORMS = "iphoneos iphonesimulator macosx xros xrsimulator";
				SWIFT_EMIT_LOC_STRINGS = NO;
				SWIFT_VERSION = 5.0;
				TARGETED_DEVICE_FAMILY = "1,2,7";
				TEST_TARGET_NAME = "Pact-Concurrency";
				XROS_DEPLOYMENT_TARGET = 2.2;
			};
			name = Debug;
		};
		AD05CB842D543FC7004B2B75 /* Release */ = {
			isa = XCBuildConfiguration;
			buildSettings = {
				CODE_SIGN_STYLE = Automatic;
				CURRENT_PROJECT_VERSION = 1;
				GENERATE_INFOPLIST_FILE = YES;
				IPHONEOS_DEPLOYMENT_TARGET = 18.2;
				MACOSX_DEPLOYMENT_TARGET = 15.2;
				MARKETING_VERSION = 1.0;
				PRODUCT_BUNDLE_IDENTIFIER = "com.pact-foundation.pactswiftexample.Pact-ConcurrencyUITests";
				PRODUCT_NAME = "$(TARGET_NAME)";
				SDKROOT = auto;
				SUPPORTED_PLATFORMS = "iphoneos iphonesimulator macosx xros xrsimulator";
				SWIFT_EMIT_LOC_STRINGS = NO;
				SWIFT_VERSION = 5.0;
				TARGETED_DEVICE_FAMILY = "1,2,7";
				TEST_TARGET_NAME = "Pact-Concurrency";
				XROS_DEPLOYMENT_TARGET = 2.2;
			};
			name = Release;
		};
/* End XCBuildConfiguration section */

/* Begin XCConfigurationList section */
		AD05CB522D543FC6004B2B75 /* Build configuration list for PBXProject "Pact-Concurrency" */ = {
			isa = XCConfigurationList;
			buildConfigurations = (
				AD05CB7A2D543FC7004B2B75 /* Debug */,
				AD05CB7B2D543FC7004B2B75 /* Release */,
			);
			defaultConfigurationIsVisible = 0;
			defaultConfigurationName = Release;
		};
		AD05CB7C2D543FC7004B2B75 /* Build configuration list for PBXNativeTarget "Pact-Concurrency" */ = {
			isa = XCConfigurationList;
			buildConfigurations = (
				AD05CB7D2D543FC7004B2B75 /* Debug */,
				AD05CB7E2D543FC7004B2B75 /* Release */,
			);
			defaultConfigurationIsVisible = 0;
			defaultConfigurationName = Release;
		};
		AD05CB7F2D543FC7004B2B75 /* Build configuration list for PBXNativeTarget "Pact-ConcurrencyTests" */ = {
			isa = XCConfigurationList;
			buildConfigurations = (
				AD05CB802D543FC7004B2B75 /* Debug */,
				AD05CB812D543FC7004B2B75 /* Release */,
			);
			defaultConfigurationIsVisible = 0;
			defaultConfigurationName = Release;
		};
		AD05CB822D543FC7004B2B75 /* Build configuration list for PBXNativeTarget "Pact-ConcurrencyUITests" */ = {
			isa = XCConfigurationList;
			buildConfigurations = (
				AD05CB832D543FC7004B2B75 /* Debug */,
				AD05CB842D543FC7004B2B75 /* Release */,
			);
			defaultConfigurationIsVisible = 0;
			defaultConfigurationName = Release;
		};
/* End XCConfigurationList section */

/* Begin XCRemoteSwiftPackageReference section */
		AD05CB892D544DE8004B2B75 /* XCRemoteSwiftPackageReference "PactSwift" */ = {
			isa = XCRemoteSwiftPackageReference;
			repositoryURL = "https://github.com/surpher/PactSwift.git";
			requirement = {
				branch = "feature/swift-concurrency";
				kind = branch;
			};
		};
/* End XCRemoteSwiftPackageReference section */

/* Begin XCSwiftPackageProductDependency section */
		AD05CB8A2D544DE8004B2B75 /* PactSwift */ = {
			isa = XCSwiftPackageProductDependency;
			package = AD05CB892D544DE8004B2B75 /* XCRemoteSwiftPackageReference "PactSwift" */;
			productName = PactSwift;
		};
/* End XCSwiftPackageProductDependency section */
	};
	rootObject = AD05CB4F2D543FC6004B2B75 /* Project object */;
}
