{
  "pins" : [
    {
      "identity" : "pactswift",
      "kind" : "remoteSourceControl",
      "location" : "https://github.com/surpher/PactSwift.git",
      "state" : {
        "branch" : "main",
        "revision" : "cff1761e0fd42a6f466c03c9ac70727474856657"
      }
    },
    {
      "identity" : "pactswiftserver",
      "kind" : "remoteSourceControl",
      "location" : "https://github.com/surpher/PactSwiftServer.git",
      "state" : {
        "revision" : "12ecc92092ecd3640dcc2dcb98ce6b3d1f2d76f7",
        "version" : "0.4.7"
      }
    }
  ],
  "version" : 2
}
