{
  "object": {
    "pins": [
      {
        "package": "PactMockServer",
        "repositoryURL": "https://github.com/surpher/PactMockServer.git",
        "state": {
          "branch": null,
          "revision": "b60987978e05df375ebe6b4f6866f4e07953d17b",
          "version": "0.1.0"
        }
      },
      {
        "package": "PactSwift",
        "repositoryURL": "https://github.com/surpher/PactSwift.git",
        "state": {
          "branch": null,
          "revision": "66339f693561ded3663597a25379700b753b235a",
          "version": "0.7.0"
        }
      },
      {
        "package": "PactSwiftMockServer",
        "repositoryURL": "https://github.com/surpher/PactSwiftMockServer.git",
        "state": {
          "branch": null,
          "revision": "67f3fb55047e5e89894c8f8d44f28215b68b0842",
          "version": "0.2.4"
        }
      },
      {
        "package": "PactSwiftToolbox",
        "repositoryURL": "https://github.com/surpher/PactSwiftToolbox.git",
        "state": {
          "branch": null,
          "revision": "b4c52bf4f86ab03215cb9e42ffd9387dd92ad25c",
          "version": "0.2.0"
        }
      }
    ]
  },
  "version": 1
}
