{
  "object": {
    "pins": [
      {
        "package": "PactMockServer",
        "repositoryURL": "https://github.com/surpher/PactMockServer.git",
        "state": {
          "branch": null,
          "revision": "b60987978e05df375ebe6b4f6866f4e07953d17b",
          "version": "0.1.0"
        }
      },
      {
        "package": "PactSwift",
        "repositoryURL": "https://github.com/surpher/PactSwift.git",
        "state": {
          "branch": "fix/failing-test",
          "revision": "2e1961fe5833394905a7b9f89e3e61f77184b758",
          "version": null
        }
      },
      {
        "package": "PactSwiftMockServer",
        "repositoryURL": "https://github.com/surpher/PactSwiftMockServer.git",
        "state": {
          "branch": "fix/sockets",
          "revision": "52de2b9895a616ec839a3f2eb282ad8e2f858302",
          "version": null
        }
      },
      {
        "package": "PactSwiftToolbox",
        "repositoryURL": "https://github.com/surpher/PactSwiftToolbox.git",
        "state": {
          "branch": "fix/sockets",
          "revision": "38cdfc32d22410743b714ed6cedc9d4857815c98",
          "version": null
        }
      }
    ]
  },
  "version": 1
}
